
Microsoft Visual Studio Solution File, Format Version 12.00
# Visual Studio Version 17
VisualStudioVersion = 17.0.31903.59
MinimumVisualStudioVersion = 10.0.40219.1
Project("{2150E333-8FDC-42A3-9474-1A3956D46DE8}") = "backend", "backend", "{2F048CE0-529A-4310-8D5F-B0AD31DCEA5F}"
EndProject
Project("{FAE04EC0-301F-11D3-BF4B-00C04F79EFBC}") = "FinancialInsights.Api", "backend\FinancialInsights.Api\FinancialInsights.Api.csproj", "{3842D27E-F549-46CC-AD29-D5E2F3CF703E}"
EndProject
Project("{FAE04EC0-301F-11D3-BF4B-00C04F79EFBC}") = "FinancialInsights.Api.Tests", "backend\FinancialInsights.Api.Tests\FinancialInsights.Api.Tests.csproj", "{37AFA8F2-E863-4291-8D47-F52946F54F8C}"
EndProject
Global
	GlobalSection(SolutionConfigurationPlatforms) = preSolution
		Debug|Any CPU = Debug|Any CPU
		Release|Any CPU = Release|Any CPU
	EndGlobalSection
	GlobalSection(SolutionProperties) = preSolution
		HideSolutionNode = FALSE
	EndGlobalSection
	GlobalSection(ProjectConfigurationPlatforms) = postSolution
		{3842D27E-F549-46CC-AD29-D5E2F3CF703E}.Debug|Any CPU.ActiveCfg = Debug|Any CPU
		{3842D27E-F549-46CC-AD29-D5E2F3CF703E}.Debug|Any CPU.Build.0 = Debug|Any CPU
		{3842D27E-F549-46CC-AD29-D5E2F3CF703E}.Release|Any CPU.ActiveCfg = Release|Any CPU
		{3842D27E-F549-46CC-AD29-D5E2F3CF703E}.Release|Any CPU.Build.0 = Release|Any CPU
		{37AFA8F2-E863-4291-8D47-F52946F54F8C}.Debug|Any CPU.ActiveCfg = Debug|Any CPU
		{37AFA8F2-E863-4291-8D47-F52946F54F8C}.Debug|Any CPU.Build.0 = Debug|Any CPU
		{37AFA8F2-E863-4291-8D47-F52946F54F8C}.Release|Any CPU.ActiveCfg = Release|Any CPU
		{37AFA8F2-E863-4291-8D47-F52946F54F8C}.Release|Any CPU.Build.0 = Release|Any CPU
	EndGlobalSection
	GlobalSection(NestedProjects) = preSolution
		{3842D27E-F549-46CC-AD29-D5E2F3CF703E} = {2F048CE0-529A-4310-8D5F-B0AD31DCEA5F}
		{37AFA8F2-E863-4291-8D47-F52946F54F8C} = {2F048CE0-529A-4310-8D5F-B0AD31DCEA5F}
	EndGlobalSection
EndGlobal
